PODS:
  - HCSStarRatingView (1.4.3)
  - LazyTableView (1.0)
  - LoremIpsum (1.0.0)

DEPENDENCIES:
  - HCSStarRatingView
  - LazyTableView (from `../`)
  - LoremIpsum (~> 1.0.0)

EXTERNAL SOURCES:
  LazyTableView:
    :path: ../

SPEC CHECKSUMS:
  HCSStarRatingView: bada6ae98258c3019531e0218030e2d5ad10765a
  LazyTableView: d344dd3f061e22d501a714be0a581ba36da3413d
  LoremIpsum: 9029c55d36501b2ee0b05cc9ecda11d3a0479160

COCOAPODS: 0.39.0
